
Microsoft Visual Studio Solution File, Format Version 12.00
# Visual Studio Version 16
VisualStudioVersion = 16.0.30503.244
MinimumVisualStudioVersion = 10.0.40219.1
Project("{FAE04EC0-301F-11D3-BF4B-00C04F79EFBC}") = "ТП2020 2", "ТП2020 2\ТП2020 2.csproj", "{8443DAE9-09B1-4FC8-9D20-99C7676D346A}"
EndProject
Global
	GlobalSection(SolutionConfigurationPlatforms) = preSolution
		Debug|Any CPU = Debug|Any CPU
		Release|Any CPU = Release|Any CPU
	EndGlobalSection
	GlobalSection(ProjectConfigurationPlatforms) = postSolution
		{8443DAE9-09B1-4FC8-9D20-99C7676D346A}.Debug|Any CPU.ActiveCfg = Debug|Any CPU
		{8443DAE9-09B1-4FC8-9D20-99C7676D346A}.Debug|Any CPU.Build.0 = Debug|Any CPU
		{8443DAE9-09B1-4FC8-9D20-99C7676D346A}.Release|Any CPU.ActiveCfg = Release|Any CPU
		{8443DAE9-09B1-4FC8-9D20-99C7676D346A}.Release|Any CPU.Build.0 = Release|Any CPU
	EndGlobalSection
	GlobalSection(SolutionProperties) = preSolution
		HideSolutionNode = FALSE
	EndGlobalSection
	GlobalSection(ExtensibilityGlobals) = postSolution
		SolutionGuid = {DA4ABBDB-CD4A-43B8-9B18-CA893689187B}
	EndGlobalSection
EndGlobal
